
Microsoft Visual Studio Solution File, Format Version 12.00
# Visual Studio Version 16
VisualStudioVersion = 16.0.32929.386
MinimumVisualStudioVersion = 10.0.40219.1
Project("{FAE04EC0-301F-11D3-BF4B-00C04F79EFBC}") = "CVmvc", "CVmvc\CVmvc.csproj", "{9FC47D67-B3B0-4C9E-95D5-C20CC3B42C0F}"
EndProject
Global
	GlobalSection(SolutionConfigurationPlatforms) = preSolution
		Debug|Any CPU = Debug|Any CPU
		Release|Any CPU = Release|Any CPU
	EndGlobalSection
	GlobalSection(ProjectConfigurationPlatforms) = postSolution
		{9FC47D67-B3B0-4C9E-95D5-C20CC3B42C0F}.Debug|Any CPU.ActiveCfg = Debug|Any CPU
		{9FC47D67-B3B0-4C9E-95D5-C20CC3B42C0F}.Debug|Any CPU.Build.0 = Debug|Any CPU
		{9FC47D67-B3B0-4C9E-95D5-C20CC3B42C0F}.Release|Any CPU.ActiveCfg = Release|Any CPU
		{9FC47D67-B3B0-4C9E-95D5-C20CC3B42C0F}.Release|Any CPU.Build.0 = Release|Any CPU
	EndGlobalSection
	GlobalSection(SolutionProperties) = preSolution
		HideSolutionNode = FALSE
	EndGlobalSection
	GlobalSection(ExtensibilityGlobals) = postSolution
		SolutionGuid = {F7B33707-1C37-4B8D-951A-675E7AF177BE}
	EndGlobalSection
EndGlobal
